
Microsoft Visual Studio Solution File, Format Version 12.00
Project("{FAE04EC0-301F-11D3-BF4B-00C04F79EFBC}") = "Tanner.EmailApi", "Tanner.EmailApi\Tanner.EmailApi.csproj", "{B068327B-A2B8-4346-90E3-D6E7AA46103C}"
EndProject
Global
	GlobalSection(SolutionConfigurationPlatforms) = preSolution
		Debug|Any CPU = Debug|Any CPU
		Release|Any CPU = Release|Any CPU
	EndGlobalSection
	GlobalSection(ProjectConfigurationPlatforms) = postSolution
		{B068327B-A2B8-4346-90E3-D6E7AA46103C}.Debug|Any CPU.ActiveCfg = Debug|Any CPU
		{B068327B-A2B8-4346-90E3-D6E7AA46103C}.Debug|Any CPU.Build.0 = Debug|Any CPU
		{B068327B-A2B8-4346-90E3-D6E7AA46103C}.Release|Any CPU.ActiveCfg = Release|Any CPU
		{B068327B-A2B8-4346-90E3-D6E7AA46103C}.Release|Any CPU.Build.0 = Release|Any CPU
	EndGlobalSection
EndGlobal
